
Microsoft Visual Studio Solution File, Format Version 12.00
Project("{FAE04EC0-301F-11D3-BF4B-00C04F79EFBC}") = "Ref.WebApi.Starter.Web", "Ref.WebApi.Starter.Web\Ref.WebApi.Starter.Web.csproj", "{69A021AB-1A90-4CB3-B8C0-FBBA6E5269BD}"
EndProject
Project("{2150E333-8FDC-42A3-9474-1A3956D46DE8}") = "unit", "unit", "{2BEA4B89-3183-490B-90BF-60CE54116D8D}"
EndProject
Project("{FAE04EC0-301F-11D3-BF4B-00C04F79EFBC}") = "Ref.WebApi.Starter.Test", "unit\Ref.WebApi.Starter.Test\Ref.WebApi.Starter.Test.csproj", "{05E23F22-695C-4070-8063-F398640313D5}"
EndProject
Project("{FAE04EC0-301F-11D3-BF4B-00C04F79EFBC}") = "Ref.WebApi.Starter.Contracts", "Ref.WebApi.Starter.Contracts\Ref.WebApi.Starter.Contracts.csproj", "{270D855B-A5D0-4745-8C9F-AA7BCF227B8E}"
EndProject
Global
	GlobalSection(SolutionConfigurationPlatforms) = preSolution
		Debug|Any CPU = Debug|Any CPU
		Release|Any CPU = Release|Any CPU
	EndGlobalSection
	GlobalSection(ProjectConfigurationPlatforms) = postSolution
		{69A021AB-1A90-4CB3-B8C0-FBBA6E5269BD}.Debug|Any CPU.ActiveCfg = Debug|Any CPU
		{69A021AB-1A90-4CB3-B8C0-FBBA6E5269BD}.Debug|Any CPU.Build.0 = Debug|Any CPU
		{69A021AB-1A90-4CB3-B8C0-FBBA6E5269BD}.Release|Any CPU.ActiveCfg = Release|Any CPU
		{69A021AB-1A90-4CB3-B8C0-FBBA6E5269BD}.Release|Any CPU.Build.0 = Release|Any CPU
		{05E23F22-695C-4070-8063-F398640313D5}.Debug|Any CPU.ActiveCfg = Debug|Any CPU
		{05E23F22-695C-4070-8063-F398640313D5}.Debug|Any CPU.Build.0 = Debug|Any CPU
		{05E23F22-695C-4070-8063-F398640313D5}.Release|Any CPU.ActiveCfg = Release|Any CPU
		{05E23F22-695C-4070-8063-F398640313D5}.Release|Any CPU.Build.0 = Release|Any CPU
		{270D855B-A5D0-4745-8C9F-AA7BCF227B8E}.Debug|Any CPU.ActiveCfg = Debug|Any CPU
		{270D855B-A5D0-4745-8C9F-AA7BCF227B8E}.Debug|Any CPU.Build.0 = Debug|Any CPU
		{270D855B-A5D0-4745-8C9F-AA7BCF227B8E}.Release|Any CPU.ActiveCfg = Release|Any CPU
		{270D855B-A5D0-4745-8C9F-AA7BCF227B8E}.Release|Any CPU.Build.0 = Release|Any CPU
	EndGlobalSection
	GlobalSection(NestedProjects) = preSolution
		{05E23F22-695C-4070-8063-F398640313D5} = {2BEA4B89-3183-490B-90BF-60CE54116D8D}
	EndGlobalSection
EndGlobal
