
Microsoft Visual Studio Solution File, Format Version 12.00
Project("{FAE04EC0-301F-11D3-BF4B-00C04F79EFBC}") = "Ref.WebApi.Starter.Web", "Ref.WebApi.Starter.Web\Ref.WebApi.Starter.Web.csproj", "{69A021AB-1A90-4CB3-B8C0-FBBA6E5269BD}"
EndProject
Global
	GlobalSection(SolutionConfigurationPlatforms) = preSolution
		Debug|Any CPU = Debug|Any CPU
		Release|Any CPU = Release|Any CPU
	EndGlobalSection
	GlobalSection(ProjectConfigurationPlatforms) = postSolution
		{69A021AB-1A90-4CB3-B8C0-FBBA6E5269BD}.Debug|Any CPU.ActiveCfg = Debug|Any CPU
		{69A021AB-1A90-4CB3-B8C0-FBBA6E5269BD}.Debug|Any CPU.Build.0 = Debug|Any CPU
		{69A021AB-1A90-4CB3-B8C0-FBBA6E5269BD}.Release|Any CPU.ActiveCfg = Release|Any CPU
		{69A021AB-1A90-4CB3-B8C0-FBBA6E5269BD}.Release|Any CPU.Build.0 = Release|Any CPU
	EndGlobalSection
EndGlobal
